{
  "name": "website",
  "lockfileVersion": 3,
  "requires": true,
  "packages": {
    "": {
      "dependencies": {
        "segoe-fonts": "^1.0.1"
      }
    },
    "node_modules/segoe-fonts": {
      "version": "1.0.1",
      "resolved": "https://registry.npmjs.org/segoe-fonts/-/segoe-fonts-1.0.1.tgz",
      "integrity": "sha512-8KOnTvPlIkUUqxDLzk40Ntta7eP62LtjSTdfaCZW3tcBO0K/WUXz9wRUdMARpjA5EwKerHSVw502CyBup8ClMg==",
      "deprecated": "Package no longer supported. Contact support@npmjs.com for more info."
    }
  }
}
